
Microsoft Visual Studio Solution File, Format Version 12.00
# Visual Studio Express 2012 for Windows Desktop
Project("{FAE04EC0-301F-11D3-BF4B-00C04F79EFBC}") = "imageArchive", "imageArchive\imageArchive.csproj", "{6005D2B5-E3A9-4F6D-BA6D-3D98A31722AD}"
EndProject
Global
	GlobalSection(SolutionConfigurationPlatforms) = preSolution
		Debug|Any CPU = Debug|Any CPU
		Release|Any CPU = Release|Any CPU
	EndGlobalSection
	GlobalSection(ProjectConfigurationPlatforms) = postSolution
		{6005D2B5-E3A9-4F6D-BA6D-3D98A31722AD}.Debug|Any CPU.ActiveCfg = Debug|Any CPU
		{6005D2B5-E3A9-4F6D-BA6D-3D98A31722AD}.Debug|Any CPU.Build.0 = Debug|Any CPU
		{6005D2B5-E3A9-4F6D-BA6D-3D98A31722AD}.Release|Any CPU.ActiveCfg = Release|Any CPU
		{6005D2B5-E3A9-4F6D-BA6D-3D98A31722AD}.Release|Any CPU.Build.0 = Release|Any CPU
	EndGlobalSection
	GlobalSection(SolutionProperties) = preSolution
		HideSolutionNode = FALSE
	EndGlobalSection
EndGlobal
